
Microsoft Visual Studio Solution File, Format Version 12.00
# Visual Studio 2013
VisualStudioVersion = 12.0.31101.0
MinimumVisualStudioVersion = 10.0.40219.1
Project("{FAE04EC0-301F-11D3-BF4B-00C04F79EFBC}") = "MyFitnessTracker", "MyFitnessTracker\MyFitnessTracker.csproj", "{3236C892-B203-47E2-9367-10E1B73F7C2F}"
EndProject
Project("{2150E333-8FDC-42A3-9474-1A3956D46DE8}") = "PublishScripts", "PublishScripts", "{A6BF2222-A2C6-4AA6-BEE9-093222E6FD5C}"
	ProjectSection(SolutionItems) = preProject
		PublishScripts\AzureWebsitePublishModule.psm1 = PublishScripts\AzureWebsitePublishModule.psm1
		PublishScripts\Publish-WebApplicationWebsite.ps1 = PublishScripts\Publish-WebApplicationWebsite.ps1
	EndProjectSection
EndProject
Project("{2150E333-8FDC-42A3-9474-1A3956D46DE8}") = "Configurations", "Configurations", "{190AF818-295E-4D91-A7ED-B67B1923C3CD}"
	ProjectSection(SolutionItems) = preProject
		PublishScripts\Configurations\MyFitnessTracker-WAWS-dev.json = PublishScripts\Configurations\MyFitnessTracker-WAWS-dev.json
	EndProjectSection
EndProject
Global
	GlobalSection(SolutionConfigurationPlatforms) = preSolution
		Debug|Any CPU = Debug|Any CPU
		Release|Any CPU = Release|Any CPU
	EndGlobalSection
	GlobalSection(ProjectConfigurationPlatforms) = postSolution
		{3236C892-B203-47E2-9367-10E1B73F7C2F}.Debug|Any CPU.ActiveCfg = Debug|Any CPU
		{3236C892-B203-47E2-9367-10E1B73F7C2F}.Debug|Any CPU.Build.0 = Debug|Any CPU
		{3236C892-B203-47E2-9367-10E1B73F7C2F}.Release|Any CPU.ActiveCfg = Release|Any CPU
		{3236C892-B203-47E2-9367-10E1B73F7C2F}.Release|Any CPU.Build.0 = Release|Any CPU
	EndGlobalSection
	GlobalSection(SolutionProperties) = preSolution
		HideSolutionNode = FALSE
	EndGlobalSection
	GlobalSection(NestedProjects) = preSolution
		{190AF818-295E-4D91-A7ED-B67B1923C3CD} = {A6BF2222-A2C6-4AA6-BEE9-093222E6FD5C}
	EndGlobalSection
EndGlobal
