
Microsoft Visual Studio Solution File, Format Version 12.00
# Visual Studio 14
VisualStudioVersion = 14.0.25123.0
MinimumVisualStudioVersion = 10.0.40219.1
Project("{FAE04EC0-301F-11D3-BF4B-00C04F79EFBC}") = "MyFitnessXamarinApps.Droid", "MyFitnessXamarinApps\MyFitnessXamarinApps.Droid\MyFitnessXamarinApps.Droid.csproj", "{3D1745D2-F281-47CD-9454-5F6897CDFE09}"
EndProject
Project("{FAE04EC0-301F-11D3-BF4B-00C04F79EFBC}") = "MyFitnessXamarinApps.iOS", "MyFitnessXamarinApps\MyFitnessXamarinApps.iOS\MyFitnessXamarinApps.iOS.csproj", "{33DC3983-8B66-4FC3-B97A-5CB4F9D72547}"
EndProject
Project("{FAE04EC0-301F-11D3-BF4B-00C04F79EFBC}") = "MyFitnessXamarinApps.WinPhone", "MyFitnessXamarinApps\MyFitnessXamarinApps.WinPhone\MyFitnessXamarinApps.WinPhone.csproj", "{17965EC7-7FD5-4168-9958-E29F838743CF}"
EndProject
Project("{FAE04EC0-301F-11D3-BF4B-00C04F79EFBC}") = "MyFitnessXamarinApps", "MyFitnessXamarinApps\MyFitnessXamarinApps\MyFitnessXamarinApps.csproj", "{2B7C6F52-1A7F-4485-A740-F45CB9C3B49C}"
EndProject
Global
	GlobalSection(SolutionConfigurationPlatforms) = preSolution
		AppStore|Any CPU = AppStore|Any CPU
		AppStore|ARM = AppStore|ARM
		AppStore|iPhone = AppStore|iPhone
		AppStore|iPhoneSimulator = AppStore|iPhoneSimulator
		AppStore|x86 = AppStore|x86
		Debug|Any CPU = Debug|Any CPU
		Debug|ARM = Debug|ARM
		Debug|iPhone = Debug|iPhone
		Debug|iPhoneSimulator = Debug|iPhoneSimulator
		Debug|x86 = Debug|x86
		Release|Any CPU = Release|Any CPU
		Release|ARM = Release|ARM
		Release|iPhone = Release|iPhone
		Release|iPhoneSimulator = Release|iPhoneSimulator
		Release|x86 = Release|x86
	EndGlobalSection
	GlobalSection(ProjectConfigurationPlatforms) = postSolution
		{3D1745D2-F281-47CD-9454-5F6897CDFE09}.AppStore|Any CPU.ActiveCfg = Release|Any CPU
		{3D1745D2-F281-47CD-9454-5F6897CDFE09}.AppStore|Any CPU.Build.0 = Release|Any CPU
		{3D1745D2-F281-47CD-9454-5F6897CDFE09}.AppStore|Any CPU.Deploy.0 = Release|Any CPU
		{3D1745D2-F281-47CD-9454-5F6897CDFE09}.AppStore|ARM.ActiveCfg = Release|Any CPU
		{3D1745D2-F281-47CD-9454-5F6897CDFE09}.AppStore|ARM.Build.0 = Release|Any CPU
		{3D1745D2-F281-47CD-9454-5F6897CDFE09}.AppStore|ARM.Deploy.0 = Release|Any CPU
		{3D1745D2-F281-47CD-9454-5F6897CDFE09}.AppStore|iPhone.ActiveCfg = Release|Any CPU
		{3D1745D2-F281-47CD-9454-5F6897CDFE09}.AppStore|iPhone.Build.0 = Release|Any CPU
		{3D1745D2-F281-47CD-9454-5F6897CDFE09}.AppStore|iPhone.Deploy.0 = Release|Any CPU
		{3D1745D2-F281-47CD-9454-5F6897CDFE09}.AppStore|iPhoneSimulator.ActiveCfg = Release|Any CPU
		{3D1745D2-F281-47CD-9454-5F6897CDFE09}.AppStore|iPhoneSimulator.Build.0 = Release|Any CPU
		{3D1745D2-F281-47CD-9454-5F6897CDFE09}.AppStore|iPhoneSimulator.Deploy.0 = Release|Any CPU
		{3D1745D2-F281-47CD-9454-5F6897CDFE09}.AppStore|x86.ActiveCfg = Release|Any CPU
		{3D1745D2-F281-47CD-9454-5F6897CDFE09}.AppStore|x86.Build.0 = Release|Any CPU
		{3D1745D2-F281-47CD-9454-5F6897CDFE09}.AppStore|x86.Deploy.0 = Release|Any CPU
		{3D1745D2-F281-47CD-9454-5F6897CDFE09}.Debug|Any CPU.ActiveCfg = Debug|Any CPU
		{3D1745D2-F281-47CD-9454-5F6897CDFE09}.Debug|Any CPU.Build.0 = Debug|Any CPU
		{3D1745D2-F281-47CD-9454-5F6897CDFE09}.Debug|Any CPU.Deploy.0 = Debug|Any CPU
		{3D1745D2-F281-47CD-9454-5F6897CDFE09}.Debug|ARM.ActiveCfg = Debug|Any CPU
		{3D1745D2-F281-47CD-9454-5F6897CDFE09}.Debug|ARM.Build.0 = Debug|Any CPU
		{3D1745D2-F281-47CD-9454-5F6897CDFE09}.Debug|ARM.Deploy.0 = Debug|Any CPU
		{3D1745D2-F281-47CD-9454-5F6897CDFE09}.Debug|iPhone.ActiveCfg = Debug|Any CPU
		{3D1745D2-F281-47CD-9454-5F6897CDFE09}.Debug|iPhone.Build.0 = Debug|Any CPU
		{3D1745D2-F281-47CD-9454-5F6897CDFE09}.Debug|iPhone.Deploy.0 = Debug|Any CPU
		{3D1745D2-F281-47CD-9454-5F6897CDFE09}.Debug|iPhoneSimulator.ActiveCfg = Debug|Any CPU
		{3D1745D2-F281-47CD-9454-5F6897CDFE09}.Debug|iPhoneSimulator.Build.0 = Debug|Any CPU
		{3D1745D2-F281-47CD-9454-5F6897CDFE09}.Debug|iPhoneSimulator.Deploy.0 = Debug|Any CPU
		{3D1745D2-F281-47CD-9454-5F6897CDFE09}.Debug|x86.ActiveCfg = Debug|Any CPU
		{3D1745D2-F281-47CD-9454-5F6897CDFE09}.Debug|x86.Build.0 = Debug|Any CPU
		{3D1745D2-F281-47CD-9454-5F6897CDFE09}.Debug|x86.Deploy.0 = Debug|Any CPU
		{3D1745D2-F281-47CD-9454-5F6897CDFE09}.Release|Any CPU.ActiveCfg = Release|Any CPU
		{3D1745D2-F281-47CD-9454-5F6897CDFE09}.Release|Any CPU.Build.0 = Release|Any CPU
		{3D1745D2-F281-47CD-9454-5F6897CDFE09}.Release|Any CPU.Deploy.0 = Release|Any CPU
		{3D1745D2-F281-47CD-9454-5F6897CDFE09}.Release|ARM.ActiveCfg = Release|Any CPU
		{3D1745D2-F281-47CD-9454-5F6897CDFE09}.Release|ARM.Build.0 = Release|Any CPU
		{3D1745D2-F281-47CD-9454-5F6897CDFE09}.Release|ARM.Deploy.0 = Release|Any CPU
		{3D1745D2-F281-47CD-9454-5F6897CDFE09}.Release|iPhone.ActiveCfg = Release|Any CPU
		{3D1745D2-F281-47CD-9454-5F6897CDFE09}.Release|iPhone.Build.0 = Release|Any CPU
		{3D1745D2-F281-47CD-9454-5F6897CDFE09}.Release|iPhone.Deploy.0 = Release|Any CPU
		{3D1745D2-F281-47CD-9454-5F6897CDFE09}.Release|iPhoneSimulator.ActiveCfg = Release|Any CPU
		{3D1745D2-F281-47CD-9454-5F6897CDFE09}.Release|iPhoneSimulator.Build.0 = Release|Any CPU
		{3D1745D2-F281-47CD-9454-5F6897CDFE09}.Release|iPhoneSimulator.Deploy.0 = Release|Any CPU
		{3D1745D2-F281-47CD-9454-5F6897CDFE09}.Release|x86.ActiveCfg = Release|Any CPU
		{3D1745D2-F281-47CD-9454-5F6897CDFE09}.Release|x86.Build.0 = Release|Any CPU
		{3D1745D2-F281-47CD-9454-5F6897CDFE09}.Release|x86.Deploy.0 = Release|Any CPU
		{33DC3983-8B66-4FC3-B97A-5CB4F9D72547}.AppStore|Any CPU.ActiveCfg = AppStore|iPhone
		{33DC3983-8B66-4FC3-B97A-5CB4F9D72547}.AppStore|ARM.ActiveCfg = AppStore|iPhone
		{33DC3983-8B66-4FC3-B97A-5CB4F9D72547}.AppStore|iPhone.ActiveCfg = AppStore|iPhone
		{33DC3983-8B66-4FC3-B97A-5CB4F9D72547}.AppStore|iPhone.Build.0 = AppStore|iPhone
		{33DC3983-8B66-4FC3-B97A-5CB4F9D72547}.AppStore|iPhoneSimulator.ActiveCfg = AppStore|iPhoneSimulator
		{33DC3983-8B66-4FC3-B97A-5CB4F9D72547}.AppStore|iPhoneSimulator.Build.0 = AppStore|iPhoneSimulator
		{33DC3983-8B66-4FC3-B97A-5CB4F9D72547}.AppStore|x86.ActiveCfg = AppStore|iPhone
		{33DC3983-8B66-4FC3-B97A-5CB4F9D72547}.Debug|Any CPU.ActiveCfg = Debug|iPhone
		{33DC3983-8B66-4FC3-B97A-5CB4F9D72547}.Debug|ARM.ActiveCfg = Debug|iPhone
		{33DC3983-8B66-4FC3-B97A-5CB4F9D72547}.Debug|iPhone.ActiveCfg = Debug|iPhone
		{33DC3983-8B66-4FC3-B97A-5CB4F9D72547}.Debug|iPhone.Build.0 = Debug|iPhone
		{33DC3983-8B66-4FC3-B97A-5CB4F9D72547}.Debug|iPhoneSimulator.ActiveCfg = Debug|iPhoneSimulator
		{33DC3983-8B66-4FC3-B97A-5CB4F9D72547}.Debug|iPhoneSimulator.Build.0 = Debug|iPhoneSimulator
		{33DC3983-8B66-4FC3-B97A-5CB4F9D72547}.Debug|x86.ActiveCfg = Debug|iPhone
		{33DC3983-8B66-4FC3-B97A-5CB4F9D72547}.Release|Any CPU.ActiveCfg = Release|iPhone
		{33DC3983-8B66-4FC3-B97A-5CB4F9D72547}.Release|ARM.ActiveCfg = Release|iPhone
		{33DC3983-8B66-4FC3-B97A-5CB4F9D72547}.Release|iPhone.ActiveCfg = Release|iPhone
		{33DC3983-8B66-4FC3-B97A-5CB4F9D72547}.Release|iPhone.Build.0 = Release|iPhone
		{33DC3983-8B66-4FC3-B97A-5CB4F9D72547}.Release|iPhoneSimulator.ActiveCfg = Release|iPhoneSimulator
		{33DC3983-8B66-4FC3-B97A-5CB4F9D72547}.Release|iPhoneSimulator.Build.0 = Release|iPhoneSimulator
		{33DC3983-8B66-4FC3-B97A-5CB4F9D72547}.Release|x86.ActiveCfg = Release|iPhone
		{17965EC7-7FD5-4168-9958-E29F838743CF}.AppStore|Any CPU.ActiveCfg = Release|Any CPU
		{17965EC7-7FD5-4168-9958-E29F838743CF}.AppStore|Any CPU.Build.0 = Release|Any CPU
		{17965EC7-7FD5-4168-9958-E29F838743CF}.AppStore|Any CPU.Deploy.0 = Release|Any CPU
		{17965EC7-7FD5-4168-9958-E29F838743CF}.AppStore|ARM.ActiveCfg = Release|ARM
		{17965EC7-7FD5-4168-9958-E29F838743CF}.AppStore|ARM.Build.0 = Release|ARM
		{17965EC7-7FD5-4168-9958-E29F838743CF}.AppStore|ARM.Deploy.0 = Release|ARM
		{17965EC7-7FD5-4168-9958-E29F838743CF}.AppStore|iPhone.ActiveCfg = Release|Any CPU
		{17965EC7-7FD5-4168-9958-E29F838743CF}.AppStore|iPhone.Build.0 = Release|Any CPU
		{17965EC7-7FD5-4168-9958-E29F838743CF}.AppStore|iPhone.Deploy.0 = Release|Any CPU
		{17965EC7-7FD5-4168-9958-E29F838743CF}.AppStore|iPhoneSimulator.ActiveCfg = Release|Any CPU
		{17965EC7-7FD5-4168-9958-E29F838743CF}.AppStore|iPhoneSimulator.Build.0 = Release|Any CPU
		{17965EC7-7FD5-4168-9958-E29F838743CF}.AppStore|iPhoneSimulator.Deploy.0 = Release|Any CPU
		{17965EC7-7FD5-4168-9958-E29F838743CF}.AppStore|x86.ActiveCfg = Release|x86
		{17965EC7-7FD5-4168-9958-E29F838743CF}.AppStore|x86.Build.0 = Release|x86
		{17965EC7-7FD5-4168-9958-E29F838743CF}.AppStore|x86.Deploy.0 = Release|x86
		{17965EC7-7FD5-4168-9958-E29F838743CF}.Debug|Any CPU.ActiveCfg = Debug|Any CPU
		{17965EC7-7FD5-4168-9958-E29F838743CF}.Debug|Any CPU.Build.0 = Debug|Any CPU
		{17965EC7-7FD5-4168-9958-E29F838743CF}.Debug|Any CPU.Deploy.0 = Debug|Any CPU
		{17965EC7-7FD5-4168-9958-E29F838743CF}.Debug|ARM.ActiveCfg = Debug|ARM
		{17965EC7-7FD5-4168-9958-E29F838743CF}.Debug|ARM.Build.0 = Debug|ARM
		{17965EC7-7FD5-4168-9958-E29F838743CF}.Debug|ARM.Deploy.0 = Debug|ARM
		{17965EC7-7FD5-4168-9958-E29F838743CF}.Debug|iPhone.ActiveCfg = Debug|Any CPU
		{17965EC7-7FD5-4168-9958-E29F838743CF}.Debug|iPhone.Build.0 = Debug|Any CPU
		{17965EC7-7FD5-4168-9958-E29F838743CF}.Debug|iPhone.Deploy.0 = Debug|Any CPU
		{17965EC7-7FD5-4168-9958-E29F838743CF}.Debug|iPhoneSimulator.ActiveCfg = Debug|Any CPU
		{17965EC7-7FD5-4168-9958-E29F838743CF}.Debug|iPhoneSimulator.Build.0 = Debug|Any CPU
		{17965EC7-7FD5-4168-9958-E29F838743CF}.Debug|iPhoneSimulator.Deploy.0 = Debug|Any CPU
		{17965EC7-7FD5-4168-9958-E29F838743CF}.Debug|x86.ActiveCfg = Debug|x86
		{17965EC7-7FD5-4168-9958-E29F838743CF}.Debug|x86.Build.0 = Debug|x86
		{17965EC7-7FD5-4168-9958-E29F838743CF}.Debug|x86.Deploy.0 = Debug|x86
		{17965EC7-7FD5-4168-9958-E29F838743CF}.Release|Any CPU.ActiveCfg = Release|Any CPU
		{17965EC7-7FD5-4168-9958-E29F838743CF}.Release|Any CPU.Build.0 = Release|Any CPU
		{17965EC7-7FD5-4168-9958-E29F838743CF}.Release|Any CPU.Deploy.0 = Release|Any CPU
		{17965EC7-7FD5-4168-9958-E29F838743CF}.Release|ARM.ActiveCfg = Release|ARM
		{17965EC7-7FD5-4168-9958-E29F838743CF}.Release|ARM.Build.0 = Release|ARM
		{17965EC7-7FD5-4168-9958-E29F838743CF}.Release|ARM.Deploy.0 = Release|ARM
		{17965EC7-7FD5-4168-9958-E29F838743CF}.Release|iPhone.ActiveCfg = Release|Any CPU
		{17965EC7-7FD5-4168-9958-E29F838743CF}.Release|iPhone.Build.0 = Release|Any CPU
		{17965EC7-7FD5-4168-9958-E29F838743CF}.Release|iPhone.Deploy.0 = Release|Any CPU
		{17965EC7-7FD5-4168-9958-E29F838743CF}.Release|iPhoneSimulator.ActiveCfg = Release|Any CPU
		{17965EC7-7FD5-4168-9958-E29F838743CF}.Release|iPhoneSimulator.Build.0 = Release|Any CPU
		{17965EC7-7FD5-4168-9958-E29F838743CF}.Release|iPhoneSimulator.Deploy.0 = Release|Any CPU
		{17965EC7-7FD5-4168-9958-E29F838743CF}.Release|x86.ActiveCfg = Release|x86
		{17965EC7-7FD5-4168-9958-E29F838743CF}.Release|x86.Build.0 = Release|x86
		{17965EC7-7FD5-4168-9958-E29F838743CF}.Release|x86.Deploy.0 = Release|x86
		{2B7C6F52-1A7F-4485-A740-F45CB9C3B49C}.AppStore|Any CPU.ActiveCfg = Release|Any CPU
		{2B7C6F52-1A7F-4485-A740-F45CB9C3B49C}.AppStore|Any CPU.Build.0 = Release|Any CPU
		{2B7C6F52-1A7F-4485-A740-F45CB9C3B49C}.AppStore|ARM.ActiveCfg = Release|Any CPU
		{2B7C6F52-1A7F-4485-A740-F45CB9C3B49C}.AppStore|ARM.Build.0 = Release|Any CPU
		{2B7C6F52-1A7F-4485-A740-F45CB9C3B49C}.AppStore|iPhone.ActiveCfg = Release|Any CPU
		{2B7C6F52-1A7F-4485-A740-F45CB9C3B49C}.AppStore|iPhone.Build.0 = Release|Any CPU
		{2B7C6F52-1A7F-4485-A740-F45CB9C3B49C}.AppStore|iPhoneSimulator.ActiveCfg = Release|Any CPU
		{2B7C6F52-1A7F-4485-A740-F45CB9C3B49C}.AppStore|iPhoneSimulator.Build.0 = Release|Any CPU
		{2B7C6F52-1A7F-4485-A740-F45CB9C3B49C}.AppStore|x86.ActiveCfg = Release|Any CPU
		{2B7C6F52-1A7F-4485-A740-F45CB9C3B49C}.AppStore|x86.Build.0 = Release|Any CPU
		{2B7C6F52-1A7F-4485-A740-F45CB9C3B49C}.Debug|Any CPU.ActiveCfg = Debug|Any CPU
		{2B7C6F52-1A7F-4485-A740-F45CB9C3B49C}.Debug|Any CPU.Build.0 = Debug|Any CPU
		{2B7C6F52-1A7F-4485-A740-F45CB9C3B49C}.Debug|ARM.ActiveCfg = Debug|Any CPU
		{2B7C6F52-1A7F-4485-A740-F45CB9C3B49C}.Debug|ARM.Build.0 = Debug|Any CPU
		{2B7C6F52-1A7F-4485-A740-F45CB9C3B49C}.Debug|iPhone.ActiveCfg = Debug|Any CPU
		{2B7C6F52-1A7F-4485-A740-F45CB9C3B49C}.Debug|iPhone.Build.0 = Debug|Any CPU
		{2B7C6F52-1A7F-4485-A740-F45CB9C3B49C}.Debug|iPhoneSimulator.ActiveCfg = Debug|Any CPU
		{2B7C6F52-1A7F-4485-A740-F45CB9C3B49C}.Debug|iPhoneSimulator.Build.0 = Debug|Any CPU
		{2B7C6F52-1A7F-4485-A740-F45CB9C3B49C}.Debug|x86.ActiveCfg = Debug|Any CPU
		{2B7C6F52-1A7F-4485-A740-F45CB9C3B49C}.Debug|x86.Build.0 = Debug|Any CPU
		{2B7C6F52-1A7F-4485-A740-F45CB9C3B49C}.Release|Any CPU.ActiveCfg = Release|Any CPU
		{2B7C6F52-1A7F-4485-A740-F45CB9C3B49C}.Release|Any CPU.Build.0 = Release|Any CPU
		{2B7C6F52-1A7F-4485-A740-F45CB9C3B49C}.Release|ARM.ActiveCfg = Release|Any CPU
		{2B7C6F52-1A7F-4485-A740-F45CB9C3B49C}.Release|ARM.Build.0 = Release|Any CPU
		{2B7C6F52-1A7F-4485-A740-F45CB9C3B49C}.Release|iPhone.ActiveCfg = Release|Any CPU
		{2B7C6F52-1A7F-4485-A740-F45CB9C3B49C}.Release|iPhone.Build.0 = Release|Any CPU
		{2B7C6F52-1A7F-4485-A740-F45CB9C3B49C}.Release|iPhoneSimulator.ActiveCfg = Release|Any CPU
		{2B7C6F52-1A7F-4485-A740-F45CB9C3B49C}.Release|iPhoneSimulator.Build.0 = Release|Any CPU
		{2B7C6F52-1A7F-4485-A740-F45CB9C3B49C}.Release|x86.ActiveCfg = Release|Any CPU
		{2B7C6F52-1A7F-4485-A740-F45CB9C3B49C}.Release|x86.Build.0 = Release|Any CPU
	EndGlobalSection
	GlobalSection(SolutionProperties) = preSolution
		HideSolutionNode = FALSE
	EndGlobalSection
EndGlobal
